
Microsoft Visual Studio Solution File, Format Version 12.00
# Visual Studio Version 16
VisualStudioVersion = 16.0.30907.101
MinimumVisualStudioVersion = 10.0.40219.1
Project("{FAE04EC0-301F-11D3-BF4B-00C04F79EFBC}") = "ImagesApp", "ImagesApp\ImagesApp.csproj", "{F060DF35-3B5D-4AD8-A840-2375E21DE9C0}"
EndProject
Global
	GlobalSection(SolutionConfigurationPlatforms) = preSolution
		Debug|Any CPU = Debug|Any CPU
		Release|Any CPU = Release|Any CPU
	EndGlobalSection
	GlobalSection(ProjectConfigurationPlatforms) = postSolution
		{F060DF35-3B5D-4AD8-A840-2375E21DE9C0}.Debug|Any CPU.ActiveCfg = Debug|Any CPU
		{F060DF35-3B5D-4AD8-A840-2375E21DE9C0}.Debug|Any CPU.Build.0 = Debug|Any CPU
		{F060DF35-3B5D-4AD8-A840-2375E21DE9C0}.Release|Any CPU.ActiveCfg = Release|Any CPU
		{F060DF35-3B5D-4AD8-A840-2375E21DE9C0}.Release|Any CPU.Build.0 = Release|Any CPU
	EndGlobalSection
	GlobalSection(SolutionProperties) = preSolution
		HideSolutionNode = FALSE
	EndGlobalSection
	GlobalSection(ExtensibilityGlobals) = postSolution
		SolutionGuid = {7E74C8D8-CBF7-4343-A1E6-1DD6F4A66A3A}
	EndGlobalSection
EndGlobal
